
Microsoft Visual Studio Solution File, Format Version 12.00
# Visual Studio Version 16
VisualStudioVersion = 16.0.32602.291
MinimumVisualStudioVersion = 10.0.40219.1
Project("{FAE04EC0-301F-11D3-BF4B-00C04F79EFBC}") = "DemoTest", "DemoTest\DemoTest.csproj", "{48C692EE-E6A9-4247-90E7-E3BED56D3BDA}"
EndProject
Project("{FAE04EC0-301F-11D3-BF4B-00C04F79EFBC}") = "ConsoleApp1", "ConsoleApp1\ConsoleApp1.csproj", "{AC86306A-FBD6-4990-9E05-D78B8477AB16}"
EndProject
Global
	GlobalSection(SolutionConfigurationPlatforms) = preSolution
		Debug|Any CPU = Debug|Any CPU
		Release|Any CPU = Release|Any CPU
	EndGlobalSection
	GlobalSection(ProjectConfigurationPlatforms) = postSolution
		{48C692EE-E6A9-4247-90E7-E3BED56D3BDA}.Debug|Any CPU.ActiveCfg = Debug|Any CPU
		{48C692EE-E6A9-4247-90E7-E3BED56D3BDA}.Debug|Any CPU.Build.0 = Debug|Any CPU
		{48C692EE-E6A9-4247-90E7-E3BED56D3BDA}.Release|Any CPU.ActiveCfg = Release|Any CPU
		{48C692EE-E6A9-4247-90E7-E3BED56D3BDA}.Release|Any CPU.Build.0 = Release|Any CPU
		{AC86306A-FBD6-4990-9E05-D78B8477AB16}.Debug|Any CPU.ActiveCfg = Debug|Any CPU
		{AC86306A-FBD6-4990-9E05-D78B8477AB16}.Debug|Any CPU.Build.0 = Debug|Any CPU
		{AC86306A-FBD6-4990-9E05-D78B8477AB16}.Release|Any CPU.ActiveCfg = Release|Any CPU
		{AC86306A-FBD6-4990-9E05-D78B8477AB16}.Release|Any CPU.Build.0 = Release|Any CPU
	EndGlobalSection
	GlobalSection(SolutionProperties) = preSolution
		HideSolutionNode = FALSE
	EndGlobalSection
	GlobalSection(ExtensibilityGlobals) = postSolution
		SolutionGuid = {55590A6D-7FB4-433B-99A5-910CE9654898}
	EndGlobalSection
EndGlobal
